
Microsoft Visual Studio Solution File, Format Version 12.00
# Visual Studio Version 17
VisualStudioVersion = 17.11.35219.272
MinimumVisualStudioVersion = 10.0.40219.1
Project("{8BC9CEB8-8B4A-11D0-8D11-00A0C91BC942}") = "OpenGLProject", "OpenGLProject\OpenGLProject.vcxproj", "{2EB2A64B-3422-4C17-9011-E611007A1593}"
EndProject
Global
	GlobalSection(SolutionConfigurationPlatforms) = preSolution
		Debug|x64 = Debug|x64
		Debug|x86 = Debug|x86
		Release|x64 = Release|x64
		Release|x86 = Release|x86
	EndGlobalSection
	GlobalSection(ProjectConfigurationPlatforms) = postSolution
		{2EB2A64B-3422-4C17-9011-E611007A1593}.Debug|x64.ActiveCfg = Debug|x64
		{2EB2A64B-3422-4C17-9011-E611007A1593}.Debug|x64.Build.0 = Debug|x64
		{2EB2A64B-3422-4C17-9011-E611007A1593}.Debug|x86.ActiveCfg = Debug|Win32
		{2EB2A64B-3422-4C17-9011-E611007A1593}.Debug|x86.Build.0 = Debug|Win32
		{2EB2A64B-3422-4C17-9011-E611007A1593}.Release|x64.ActiveCfg = Release|x64
		{2EB2A64B-3422-4C17-9011-E611007A1593}.Release|x64.Build.0 = Release|x64
		{2EB2A64B-3422-4C17-9011-E611007A1593}.Release|x86.ActiveCfg = Release|Win32
		{2EB2A64B-3422-4C17-9011-E611007A1593}.Release|x86.Build.0 = Release|Win32
	EndGlobalSection
	GlobalSection(SolutionProperties) = preSolution
		HideSolutionNode = FALSE
	EndGlobalSection
	GlobalSection(ExtensibilityGlobals) = postSolution
		SolutionGuid = {8E1AA241-BA48-440E-9FB8-A84F70F20A71}
	EndGlobalSection
EndGlobal
